// !$*UTF8*$!
{
	archiveVersion = 1;
	classes = {
	};
	objectVersion = 56;
	objects = {

/* Begin PBXBuildFile section */
		78FECCFE28FB1731005562C2 /* NetworkingWithCBApp.swift in Sources */ = {isa = PBXBuildFile; fileRef = 78FECCFD28FB1731005562C2 /* NetworkingWithCBApp.swift */; };
		78FECD0028FB1731005562C2 /* ContentView.swift in Sources */ = {isa = PBXBuildFile; fileRef = 78FECCFF28FB1731005562C2 /* ContentView.swift */; };
		78FECD0228FB1732005562C2 /* Assets.xcassets in Resources */ = {isa = PBXBuildFile; fileRef = 78FECD0128FB1732005562C2 /* Assets.xcassets */; };
		78FECD0528FB1732005562C2 /* Preview Assets.xcassets in Resources */ = {isa = PBXBuildFile; fileRef = 78FECD0428FB1732005562C2 /* Preview Assets.xcassets */; };
		78FECD0D28FB177A005562C2 /* ProfileImgView.swift in Sources */ = {isa = PBXBuildFile; fileRef = 78FECD0C28FB177A005562C2 /* ProfileImgView.swift */; };
		78FECD1028FB1865005562C2 /* URLImage in Frameworks */ = {isa = PBXBuildFile; productRef = 78FECD0F28FB1865005562C2 /* URLImage */; };
		78FECD1228FB1865005562C2 /* URLImageStore in Frameworks */ = {isa = PBXBuildFile; productRef = 78FECD1128FB1865005562C2 /* URLImageStore */; };
		78FECD1428FB1A5E005562C2 /* RandomUserRowView.swift in Sources */ = {isa = PBXBuildFile; fileRef = 78FECD1328FB1A5E005562C2 /* RandomUserRowView.swift */; };
		78FECD1728FB1DEB005562C2 /* Alamofire in Frameworks */ = {isa = PBXBuildFile; productRef = 78FECD1628FB1DEB005562C2 /* Alamofire */; };
		78FECD1A28FB1F66005562C2 /* RandomUser+ResponseData.swift in Sources */ = {isa = PBXBuildFile; fileRef = 78FECD1928FB1F66005562C2 /* RandomUser+ResponseData.swift */; };
		78FECD1C28FB2248005562C2 /* RandomUserViewModel.swift in Sources */ = {isa = PBXBuildFile; fileRef = 78FECD1B28FB2248005562C2 /* RandomUserViewModel.swift */; };
/* End PBXBuildFile section */

/* Begin PBXFileReference section */
		78FECCFA28FB1731005562C2 /* NetworkingWithCB.app */ = {isa = PBXFileReference; explicitFileType = wrapper.application; includeInIndex = 0; path = NetworkingWithCB.app; sourceTree = BUILT_PRODUCTS_DIR; };
		78FECCFD28FB1731005562C2 /* NetworkingWithCBApp.swift */ = {isa = PBXFileReference; lastKnownFileType = sourcecode.swift; path = NetworkingWithCBApp.swift; sourceTree = "<group>"; };
		78FECCFF28FB1731005562C2 /* ContentView.swift */ = {isa = PBXFileReference; lastKnownFileType = sourcecode.swift; path = ContentView.swift; sourceTree = "<group>"; };
		78FECD0128FB1732005562C2 /* Assets.xcassets */ = {isa = PBXFileReference; lastKnownFileType = folder.assetcatalog; path = Assets.xcassets; sourceTree = "<group>"; };
		78FECD0428FB1732005562C2 /* Preview Assets.xcassets */ = {isa = PBXFileReference; lastKnownFileType = folder.assetcatalog; path = "Preview Assets.xcassets"; sourceTree = "<group>"; };
		78FECD0C28FB177A005562C2 /* ProfileImgView.swift */ = {isa = PBXFileReference; lastKnownFileType = sourcecode.swift; path = ProfileImgView.swift; sourceTree = "<group>"; };
		78FECD1328FB1A5E005562C2 /* RandomUserRowView.swift */ = {isa = PBXFileReference; lastKnownFileType = sourcecode.swift; path = RandomUserRowView.swift; sourceTree = "<group>"; };
		78FECD1928FB1F66005562C2 /* RandomUser+ResponseData.swift */ = {isa = PBXFileReference; lastKnownFileType = sourcecode.swift; path = "RandomUser+ResponseData.swift"; sourceTree = "<group>"; };
		78FECD1B28FB2248005562C2 /* RandomUserViewModel.swift */ = {isa = PBXFileReference; lastKnownFileType = sourcecode.swift; path = RandomUserViewModel.swift; sourceTree = "<group>"; };
/* End PBXFileReference section */

/* Begin PBXFrameworksBuildPhase section */
		78FECCF728FB1731005562C2 /* Frameworks */ = {
			isa = PBXFrameworksBuildPhase;
			buildActionMask = 2147483647;
			files = (
				78FECD1728FB1DEB005562C2 /* Alamofire in Frameworks */,
				78FECD1228FB1865005562C2 /* URLImageStore in Frameworks */,
				78FECD1028FB1865005562C2 /* URLImage in Frameworks */,
			);
			runOnlyForDeploymentPostprocessing = 0;
		};
/* End PBXFrameworksBuildPhase section */

/* Begin PBXGroup section */
		78FECCF128FB1731005562C2 = {
			isa = PBXGroup;
			children = (
				78FECCFC28FB1731005562C2 /* NetworkingWithCB */,
				78FECCFB28FB1731005562C2 /* Products */,
			);
			sourceTree = "<group>";
		};
		78FECCFB28FB1731005562C2 /* Products */ = {
			isa = PBXGroup;
			children = (
				78FECCFA28FB1731005562C2 /* NetworkingWithCB.app */,
			);
			name = Products;
			sourceTree = "<group>";
		};
		78FECCFC28FB1731005562C2 /* NetworkingWithCB */ = {
			isa = PBXGroup;
			children = (
				78FECD1828FB1F46005562C2 /* Data */,
				78FECD0B28FB175B005562C2 /* UI */,
				78FECCFD28FB1731005562C2 /* NetworkingWithCBApp.swift */,
				78FECCFF28FB1731005562C2 /* ContentView.swift */,
				78FECD0128FB1732005562C2 /* Assets.xcassets */,
				78FECD0328FB1732005562C2 /* Preview Content */,
			);
			path = NetworkingWithCB;
			sourceTree = "<group>";
		};
		78FECD0328FB1732005562C2 /* Preview Content */ = {
			isa = PBXGroup;
			children = (
				78FECD0428FB1732005562C2 /* Preview Assets.xcassets */,
			);
			path = "Preview Content";
			sourceTree = "<group>";
		};
		78FECD0B28FB175B005562C2 /* UI */ = {
			isa = PBXGroup;
			children = (
				78FECD0C28FB177A005562C2 /* ProfileImgView.swift */,
				78FECD1328FB1A5E005562C2 /* RandomUserRowView.swift */,
			);
			path = UI;
			sourceTree = "<group>";
		};
		78FECD1828FB1F46005562C2 /* Data */ = {
			isa = PBXGroup;
			children = (
				78FECD1928FB1F66005562C2 /* RandomUser+ResponseData.swift */,
				78FECD1B28FB2248005562C2 /* RandomUserViewModel.swift */,
			);
			path = Data;
			sourceTree = "<group>";
		};
/* End PBXGroup section */

/* Begin PBXNativeTarget section */
		78FECCF928FB1731005562C2 /* NetworkingWithCB */ = {
			isa = PBXNativeTarget;
			buildConfigurationList = 78FECD0828FB1732005562C2 /* Build configuration list for PBXNativeTarget "NetworkingWithCB" */;
			buildPhases = (
				78FECCF628FB1731005562C2 /* Sources */,
				78FECCF728FB1731005562C2 /* Frameworks */,
				78FECCF828FB1731005562C2 /* Resources */,
			);
			buildRules = (
			);
			dependencies = (
			);
			name = NetworkingWithCB;
			packageProductDependencies = (
				78FECD0F28FB1865005562C2 /* URLImage */,
				78FECD1128FB1865005562C2 /* URLImageStore */,
				78FECD1628FB1DEB005562C2 /* Alamofire */,
			);
			productName = NetworkingWithCB;
			productReference = 78FECCFA28FB1731005562C2 /* NetworkingWithCB.app */;
			productType = "com.apple.product-type.application";
		};
/* End PBXNativeTarget section */

/* Begin PBXProject section */
		78FECCF228FB1731005562C2 /* Project object */ = {
			isa = PBXProject;
			attributes = {
				BuildIndependentTargetsInParallel = 1;
				LastSwiftUpdateCheck = 1400;
				LastUpgradeCheck = 1400;
				TargetAttributes = {
					78FECCF928FB1731005562C2 = {
						CreatedOnToolsVersion = 14.0.1;
					};
				};
			};
			buildConfigurationList = 78FECCF528FB1731005562C2 /* Build configuration list for PBXProject "NetworkingWithCB" */;
			compatibilityVersion = "Xcode 14.0";
			developmentRegion = en;
			hasScannedForEncodings = 0;
			knownRegions = (
				en,
				Base,
			);
			mainGroup = 78FECCF128FB1731005562C2;
			packageReferences = (
				78FECD0E28FB1865005562C2 /* XCRemoteSwiftPackageReference "url-image" */,
				78FECD1528FB1DEB005562C2 /* XCRemoteSwiftPackageReference "Alamofire" */,
			);
			productRefGroup = 78FECCFB28FB1731005562C2 /* Products */;
			projectDirPath = "";
			projectRoot = "";
			targets = (
				78FECCF928FB1731005562C2 /* NetworkingWithCB */,
			);
		};
/* End PBXProject section */

/* Begin PBXResourcesBuildPhase section */
		78FECCF828FB1731005562C2 /* Resources */ = {
			isa = PBXResourcesBuildPhase;
			buildActionMask = 2147483647;
			files = (
				78FECD0528FB1732005562C2 /* Preview Assets.xcassets in Resources */,
				78FECD0228FB1732005562C2 /* Assets.xcassets in Resources */,
			);
			runOnlyForDeploymentPostprocessing = 0;
		};
/* End PBXResourcesBuildPhase section */

/* Begin PBXSourcesBuildPhase section */
		78FECCF628FB1731005562C2 /* Sources */ = {
			isa = PBXSourcesBuildPhase;
			buildActionMask = 2147483647;
			files = (
				78FECD0028FB1731005562C2 /* ContentView.swift in Sources */,
				78FECD1428FB1A5E005562C2 /* RandomUserRowView.swift in Sources */,
				78FECD1A28FB1F66005562C2 /* RandomUser+ResponseData.swift in Sources */,
				78FECD0D28FB177A005562C2 /* ProfileImgView.swift in Sources */,
				78FECD1C28FB2248005562C2 /* RandomUserViewModel.swift in Sources */,
				78FECCFE28FB1731005562C2 /* NetworkingWithCBApp.swift in Sources */,
			);
			runOnlyForDeploymentPostprocessing = 0;
		};
/* End PBXSourcesBuildPhase section */

/* Begin XCBuildConfiguration section */
		78FECD0628FB1732005562C2 /* Debug */ = {
			isa = XCBuildConfiguration;
			buildSettings = {
				ALWAYS_SEARCH_USER_PATHS = NO;
				CLANG_ANALYZER_NONNULL = YES;
				CLANG_ANALYZER_NUMBER_OBJECT_CONVERSION = YES_AGGRESSIVE;
				CLANG_CXX_LANGUAGE_STANDARD = "gnu++20";
				CLANG_ENABLE_MODULES = YES;
				CLANG_ENABLE_OBJC_ARC = YES;
				CLANG_ENABLE_OBJC_WEAK = YES;
				CLANG_WARN_BLOCK_CAPTURE_AUTORELEASING = YES;
				CLANG_WARN_BOOL_CONVERSION = YES;
				CLANG_WARN_COMMA = YES;
				CLANG_WARN_CONSTANT_CONVERSION = YES;
				CLANG_WARN_DEPRECATED_OBJC_IMPLEMENTATIONS = YES;
				CLANG_WARN_DIRECT_OBJC_ISA_USAGE = YES_ERROR;
				CLANG_WARN_DOCUMENTATION_COMMENTS = YES;
				CLANG_WARN_EMPTY_BODY = YES;
				CLANG_WARN_ENUM_CONVERSION = YES;
				CLANG_WARN_INFINITE_RECURSION = YES;
				CLANG_WARN_INT_CONVERSION = YES;
				CLANG_WARN_NON_LITERAL_NULL_CONVERSION = YES;
				CLANG_WARN_OBJC_IMPLICIT_RETAIN_SELF = YES;
				CLANG_WARN_OBJC_LITERAL_CONVERSION = YES;
				CLANG_WARN_OBJC_ROOT_CLASS = YES_ERROR;
				CLANG_WARN_QUOTED_INCLUDE_IN_FRAMEWORK_HEADER = YES;
				CLANG_WARN_RANGE_LOOP_ANALYSIS = YES;
				CLANG_WARN_STRICT_PROTOTYPES = YES;
				CLANG_WARN_SUSPICIOUS_MOVE = YES;
				CLANG_WARN_UNGUARDED_AVAILABILITY = YES_AGGRESSIVE;
				CLANG_WARN_UNREACHABLE_CODE = YES;
				CLANG_WARN__DUPLICATE_METHOD_MATCH = YES;
				COPY_PHASE_STRIP = NO;
				DEBUG_INFORMATION_FORMAT = dwarf;
				ENABLE_STRICT_OBJC_MSGSEND = YES;
				ENABLE_TESTABILITY = YES;
				GCC_C_LANGUAGE_STANDARD = gnu11;
				GCC_DYNAMIC_NO_PIC = NO;
				GCC_NO_COMMON_BLOCKS = YES;
				GCC_OPTIMIZATION_LEVEL = 0;
				GCC_PREPROCESSOR_DEFINITIONS = (
					"DEBUG=1",
					"$(inherited)",
				);
				GCC_WARN_64_TO_32_BIT_CONVERSION = YES;
				GCC_WARN_ABOUT_RETURN_TYPE = YES_ERROR;
				GCC_WARN_UNDECLARED_SELECTOR = YES;
				GCC_WARN_UNINITIALIZED_AUTOS = YES_AGGRESSIVE;
				GCC_WARN_UNUSED_FUNCTION = YES;
				GCC_WARN_UNUSED_VARIABLE = YES;
				IPHONEOS_DEPLOYMENT_TARGET = 16.0;
				MTL_ENABLE_DEBUG_INFO = INCLUDE_SOURCE;
				MTL_FAST_MATH = YES;
				ONLY_ACTIVE_ARCH = YES;
				SDKROOT = iphoneos;
				SWIFT_ACTIVE_COMPILATION_CONDITIONS = DEBUG;
				SWIFT_OPTIMIZATION_LEVEL = "-Onone";
			};
			name = Debug;
		};
		78FECD0728FB1732005562C2 /* Release */ = {
			isa = XCBuildConfiguration;
			buildSettings = {
				ALWAYS_SEARCH_USER_PATHS = NO;
				CLANG_ANALYZER_NONNULL = YES;
				CLANG_ANALYZER_NUMBER_OBJECT_CONVERSION = YES_AGGRESSIVE;
				CLANG_CXX_LANGUAGE_STANDARD = "gnu++20";
				CLANG_ENABLE_MODULES = YES;
				CLANG_ENABLE_OBJC_ARC = YES;
				CLANG_ENABLE_OBJC_WEAK = YES;
				CLANG_WARN_BLOCK_CAPTURE_AUTORELEASING = YES;
				CLANG_WARN_BOOL_CONVERSION = YES;
				CLANG_WARN_COMMA = YES;
				CLANG_WARN_CONSTANT_CONVERSION = YES;
				CLANG_WARN_DEPRECATED_OBJC_IMPLEMENTATIONS = YES;
				CLANG_WARN_DIRECT_OBJC_ISA_USAGE = YES_ERROR;
				CLANG_WARN_DOCUMENTATION_COMMENTS = YES;
				CLANG_WARN_EMPTY_BODY = YES;
				CLANG_WARN_ENUM_CONVERSION = YES;
				CLANG_WARN_INFINITE_RECURSION = YES;
				CLANG_WARN_INT_CONVERSION = YES;
				CLANG_WARN_NON_LITERAL_NULL_CONVERSION = YES;
				CLANG_WARN_OBJC_IMPLICIT_RETAIN_SELF = YES;
				CLANG_WARN_OBJC_LITERAL_CONVERSION = YES;
				CLANG_WARN_OBJC_ROOT_CLASS = YES_ERROR;
				CLANG_WARN_QUOTED_INCLUDE_IN_FRAMEWORK_HEADER = YES;
				CLANG_WARN_RANGE_LOOP_ANALYSIS = YES;
				CLANG_WARN_STRICT_PROTOTYPES = YES;
				CLANG_WARN_SUSPICIOUS_MOVE = YES;
				CLANG_WARN_UNGUARDED_AVAILABILITY = YES_AGGRESSIVE;
				CLANG_WARN_UNREACHABLE_CODE = YES;
				CLANG_WARN__DUPLICATE_METHOD_MATCH = YES;
				COPY_PHASE_STRIP = NO;
				DEBUG_INFORMATION_FORMAT = "dwarf-with-dsym";
				ENABLE_NS_ASSERTIONS = NO;
				ENABLE_STRICT_OBJC_MSGSEND = YES;
				GCC_C_LANGUAGE_STANDARD = gnu11;
				GCC_NO_COMMON_BLOCKS = YES;
				GCC_WARN_64_TO_32_BIT_CONVERSION = YES;
				GCC_WARN_ABOUT_RETURN_TYPE = YES_ERROR;
				GCC_WARN_UNDECLARED_SELECTOR = YES;
				GCC_WARN_UNINITIALIZED_AUTOS = YES_AGGRESSIVE;
				GCC_WARN_UNUSED_FUNCTION = YES;
				GCC_WARN_UNUSED_VARIABLE = YES;
				IPHONEOS_DEPLOYMENT_TARGET = 16.0;
				MTL_ENABLE_DEBUG_INFO = NO;
				MTL_FAST_MATH = YES;
				SDKROOT = iphoneos;
				SWIFT_COMPILATION_MODE = wholemodule;
				SWIFT_OPTIMIZATION_LEVEL = "-O";
				VALIDATE_PRODUCT = YES;
			};
			name = Release;
		};
		78FECD0928FB1732005562C2 /* Debug */ = {
			isa = XCBuildConfiguration;
			buildSettings = {
				ASSETCATALOG_COMPILER_APPICON_NAME = AppIcon;
				ASSETCATALOG_COMPILER_GLOBAL_ACCENT_COLOR_NAME = AccentColor;
				CODE_SIGN_STYLE = Automatic;
				CURRENT_PROJECT_VERSION = 1;
				DEVELOPMENT_ASSET_PATHS = "\"NetworkingWithCB/Preview Content\"";
				ENABLE_PREVIEWS = YES;
				GENERATE_INFOPLIST_FILE = YES;
				INFOPLIST_KEY_UIApplicationSceneManifest_Generation = YES;
				INFOPLIST_KEY_UIApplicationSupportsIndirectInputEvents = YES;
				INFOPLIST_KEY_UILaunchScreen_Generation = YES;
				INFOPLIST_KEY_UISupportedInterfaceOrientations_iPad = "UIInterfaceOrientationPortrait UIInterfaceOrientationPortraitUpsideDown UIInterfaceOrientationLandscapeLeft UIInterfaceOrientationLandscapeRight";
				INFOPLIST_KEY_UISupportedInterfaceOrientations_iPhone = "UIInterfaceOrientationPortrait UIInterfaceOrientationLandscapeLeft UIInterfaceOrientationLandscapeRight";
				LD_RUNPATH_SEARCH_PATHS = (
					"$(inherited)",
					"@executable_path/Frameworks",
				);
				MARKETING_VERSION = 1.0;
				PRODUCT_BUNDLE_IDENTIFIER = com.pntbix.NetworkingWithCB;
				PRODUCT_NAME = "$(TARGET_NAME)";
				SWIFT_EMIT_LOC_STRINGS = YES;
				SWIFT_VERSION = 5.0;
				TARGETED_DEVICE_FAMILY = "1,2";
			};
			name = Debug;
		};
		78FECD0A28FB1732005562C2 /* Release */ = {
			isa = XCBuildConfiguration;
			buildSettings = {
				ASSETCATALOG_COMPILER_APPICON_NAME = AppIcon;
				ASSETCATALOG_COMPILER_GLOBAL_ACCENT_COLOR_NAME = AccentColor;
				CODE_SIGN_STYLE = Automatic;
				CURRENT_PROJECT_VERSION = 1;
				DEVELOPMENT_ASSET_PATHS = "\"NetworkingWithCB/Preview Content\"";
				ENABLE_PREVIEWS = YES;
				GENERATE_INFOPLIST_FILE = YES;
				INFOPLIST_KEY_UIApplicationSceneManifest_Generation = YES;
				INFOPLIST_KEY_UIApplicationSupportsIndirectInputEvents = YES;
				INFOPLIST_KEY_UILaunchScreen_Generation = YES;
				INFOPLIST_KEY_UISupportedInterfaceOrientations_iPad = "UIInterfaceOrientationPortrait UIInterfaceOrientationPortraitUpsideDown UIInterfaceOrientationLandscapeLeft UIInterfaceOrientationLandscapeRight";
				INFOPLIST_KEY_UISupportedInterfaceOrientations_iPhone = "UIInterfaceOrientationPortrait UIInterfaceOrientationLandscapeLeft UIInterfaceOrientationLandscapeRight";
				LD_RUNPATH_SEARCH_PATHS = (
					"$(inherited)",
					"@executable_path/Frameworks",
				);
				MARKETING_VERSION = 1.0;
				PRODUCT_BUNDLE_IDENTIFIER = com.pntbix.NetworkingWithCB;
				PRODUCT_NAME = "$(TARGET_NAME)";
				SWIFT_EMIT_LOC_STRINGS = YES;
				SWIFT_VERSION = 5.0;
				TARGETED_DEVICE_FAMILY = "1,2";
			};
			name = Release;
		};
/* End XCBuildConfiguration section */

/* Begin XCConfigurationList section */
		78FECCF528FB1731005562C2 /* Build configuration list for PBXProject "NetworkingWithCB" */ = {
			isa = XCConfigurationList;
			buildConfigurations = (
				78FECD0628FB1732005562C2 /* Debug */,
				78FECD0728FB1732005562C2 /* Release */,
			);
			defaultConfigurationIsVisible = 0;
			defaultConfigurationName = Release;
		};
		78FECD0828FB1732005562C2 /* Build configuration list for PBXNativeTarget "NetworkingWithCB" */ = {
			isa = XCConfigurationList;
			buildConfigurations = (
				78FECD0928FB1732005562C2 /* Debug */,
				78FECD0A28FB1732005562C2 /* Release */,
			);
			defaultConfigurationIsVisible = 0;
			defaultConfigurationName = Release;
		};
/* End XCConfigurationList section */

/* Begin XCRemoteSwiftPackageReference section */
		78FECD0E28FB1865005562C2 /* XCRemoteSwiftPackageReference "url-image" */ = {
			isa = XCRemoteSwiftPackageReference;
			repositoryURL = "https://github.com/dmytro-anokhin/url-image";
			requirement = {
				kind = upToNextMajorVersion;
				minimumVersion = 3.0.0;
			};
		};
		78FECD1528FB1DEB005562C2 /* XCRemoteSwiftPackageReference "Alamofire" */ = {
			isa = XCRemoteSwiftPackageReference;
			repositoryURL = "https://github.com/Alamofire/Alamofire.git";
			requirement = {
				kind = upToNextMajorVersion;
				minimumVersion = 5.0.0;
			};
		};
/* End XCRemoteSwiftPackageReference section */

/* Begin XCSwiftPackageProductDependency section */
		78FECD0F28FB1865005562C2 /* URLImage */ = {
			isa = XCSwiftPackageProductDependency;
			package = 78FECD0E28FB1865005562C2 /* XCRemoteSwiftPackageReference "url-image" */;
			productName = URLImage;
		};
		78FECD1128FB1865005562C2 /* URLImageStore */ = {
			isa = XCSwiftPackageProductDependency;
			package = 78FECD0E28FB1865005562C2 /* XCRemoteSwiftPackageReference "url-image" */;
			productName = URLImageStore;
		};
		78FECD1628FB1DEB005562C2 /* Alamofire */ = {
			isa = XCSwiftPackageProductDependency;
			package = 78FECD1528FB1DEB005562C2 /* XCRemoteSwiftPackageReference "Alamofire" */;
			productName = Alamofire;
		};
/* End XCSwiftPackageProductDependency section */
	};
	rootObject = 78FECCF228FB1731005562C2 /* Project object */;
}
